<Solution>
  <Folder Name="/GymCoach.Client/">
    <Project Path="GymCoach.Client/GymCoach.Client.Client/GymCoach.Client.Client.csproj" />
    <Project Path="GymCoach.Client/GymCoach.Client/GymCoach.Client.csproj" />
  </Folder>
  <Project Path="GymCoach.Api/GymCoach.Api.csproj" />
  <Project Path="GymCoach.Client.Tests/GymCoach.Client.Tests.csproj" />
  <Project Path="GymCoach.Database/GymCoach.Database.csproj" />
  <Project Path="GymCoach.Shared/GymCoach.Shared.csproj" />
</Solution>
